
Microsoft Visual Studio Solution File, Format Version 12.00
# Visual Studio 15
VisualStudioVersion = 15.0.28307.757
MinimumVisualStudioVersion = 10.0.40219.1
Project("{FAE04EC0-301F-11D3-BF4B-00C04F79EFBC}") = "DatePickerXamDisableDates.Android", "DatePickerXamDisableDates\DatePickerXamDisableDates.Android\DatePickerXamDisableDates.Android.csproj", "{66DC72FE-1B1A-4A5A-84A9-8CBD2AD7F3EF}"
EndProject
Project("{FAE04EC0-301F-11D3-BF4B-00C04F79EFBC}") = "DatePickerXamDisableDates.iOS", "DatePickerXamDisableDates\DatePickerXamDisableDates.iOS\DatePickerXamDisableDates.iOS.csproj", "{E5324F54-DC8C-4857-BDD0-F530B98B5238}"
EndProject
Project("{FAE04EC0-301F-11D3-BF4B-00C04F79EFBC}") = "DatePickerXamDisableDates", "DatePickerXamDisableDates\DatePickerXamDisableDates\DatePickerXamDisableDates.csproj", "{BB307C76-826D-44B1-B0BA-D5868A817795}"
EndProject
Global
	GlobalSection(SolutionConfigurationPlatforms) = preSolution
		Ad-Hoc|Any CPU = Ad-Hoc|Any CPU
		Ad-Hoc|iPhone = Ad-Hoc|iPhone
		Ad-Hoc|iPhoneSimulator = Ad-Hoc|iPhoneSimulator
		AppStore|Any CPU = AppStore|Any CPU
		AppStore|iPhone = AppStore|iPhone
		AppStore|iPhoneSimulator = AppStore|iPhoneSimulator
		Debug|Any CPU = Debug|Any CPU
		Debug|iPhone = Debug|iPhone
		Debug|iPhoneSimulator = Debug|iPhoneSimulator
		Release|Any CPU = Release|Any CPU
		Release|iPhone = Release|iPhone
		Release|iPhoneSimulator = Release|iPhoneSimulator
	EndGlobalSection
	GlobalSection(ProjectConfigurationPlatforms) = postSolution
		{66DC72FE-1B1A-4A5A-84A9-8CBD2AD7F3EF}.Ad-Hoc|Any CPU.ActiveCfg = Release|Any CPU
		{66DC72FE-1B1A-4A5A-84A9-8CBD2AD7F3EF}.Ad-Hoc|Any CPU.Build.0 = Release|Any CPU
		{66DC72FE-1B1A-4A5A-84A9-8CBD2AD7F3EF}.Ad-Hoc|Any CPU.Deploy.0 = Release|Any CPU
		{66DC72FE-1B1A-4A5A-84A9-8CBD2AD7F3EF}.Ad-Hoc|iPhone.ActiveCfg = Release|Any CPU
		{66DC72FE-1B1A-4A5A-84A9-8CBD2AD7F3EF}.Ad-Hoc|iPhone.Build.0 = Release|Any CPU
		{66DC72FE-1B1A-4A5A-84A9-8CBD2AD7F3EF}.Ad-Hoc|iPhone.Deploy.0 = Release|Any CPU
		{66DC72FE-1B1A-4A5A-84A9-8CBD2AD7F3EF}.Ad-Hoc|iPhoneSimulator.ActiveCfg = Release|Any CPU
		{66DC72FE-1B1A-4A5A-84A9-8CBD2AD7F3EF}.Ad-Hoc|iPhoneSimulator.Build.0 = Release|Any CPU
		{66DC72FE-1B1A-4A5A-84A9-8CBD2AD7F3EF}.Ad-Hoc|iPhoneSimulator.Deploy.0 = Release|Any CPU
		{66DC72FE-1B1A-4A5A-84A9-8CBD2AD7F3EF}.AppStore|Any CPU.ActiveCfg = Release|Any CPU
		{66DC72FE-1B1A-4A5A-84A9-8CBD2AD7F3EF}.AppStore|Any CPU.Build.0 = Release|Any CPU
		{66DC72FE-1B1A-4A5A-84A9-8CBD2AD7F3EF}.AppStore|Any CPU.Deploy.0 = Release|Any CPU
		{66DC72FE-1B1A-4A5A-84A9-8CBD2AD7F3EF}.AppStore|iPhone.ActiveCfg = Release|Any CPU
		{66DC72FE-1B1A-4A5A-84A9-8CBD2AD7F3EF}.AppStore|iPhone.Build.0 = Release|Any CPU
		{66DC72FE-1B1A-4A5A-84A9-8CBD2AD7F3EF}.AppStore|iPhone.Deploy.0 = Release|Any CPU
		{66DC72FE-1B1A-4A5A-84A9-8CBD2AD7F3EF}.AppStore|iPhoneSimulator.ActiveCfg = Release|Any CPU
		{66DC72FE-1B1A-4A5A-84A9-8CBD2AD7F3EF}.AppStore|iPhoneSimulator.Build.0 = Release|Any CPU
		{66DC72FE-1B1A-4A5A-84A9-8CBD2AD7F3EF}.AppStore|iPhoneSimulator.Deploy.0 = Release|Any CPU
		{66DC72FE-1B1A-4A5A-84A9-8CBD2AD7F3EF}.Debug|Any CPU.ActiveCfg = Debug|Any CPU
		{66DC72FE-1B1A-4A5A-84A9-8CBD2AD7F3EF}.Debug|Any CPU.Build.0 = Debug|Any CPU
		{66DC72FE-1B1A-4A5A-84A9-8CBD2AD7F3EF}.Debug|Any CPU.Deploy.0 = Debug|Any CPU
		{66DC72FE-1B1A-4A5A-84A9-8CBD2AD7F3EF}.Debug|iPhone.ActiveCfg = Debug|Any CPU
		{66DC72FE-1B1A-4A5A-84A9-8CBD2AD7F3EF}.Debug|iPhone.Build.0 = Debug|Any CPU
		{66DC72FE-1B1A-4A5A-84A9-8CBD2AD7F3EF}.Debug|iPhone.Deploy.0 = Debug|Any CPU
		{66DC72FE-1B1A-4A5A-84A9-8CBD2AD7F3EF}.Debug|iPhoneSimulator.ActiveCfg = Debug|Any CPU
		{66DC72FE-1B1A-4A5A-84A9-8CBD2AD7F3EF}.Debug|iPhoneSimulator.Build.0 = Debug|Any CPU
		{66DC72FE-1B1A-4A5A-84A9-8CBD2AD7F3EF}.Debug|iPhoneSimulator.Deploy.0 = Debug|Any CPU
		{66DC72FE-1B1A-4A5A-84A9-8CBD2AD7F3EF}.Release|Any CPU.ActiveCfg = Release|Any CPU
		{66DC72FE-1B1A-4A5A-84A9-8CBD2AD7F3EF}.Release|Any CPU.Build.0 = Release|Any CPU
		{66DC72FE-1B1A-4A5A-84A9-8CBD2AD7F3EF}.Release|Any CPU.Deploy.0 = Release|Any CPU
		{66DC72FE-1B1A-4A5A-84A9-8CBD2AD7F3EF}.Release|iPhone.ActiveCfg = Release|Any CPU
		{66DC72FE-1B1A-4A5A-84A9-8CBD2AD7F3EF}.Release|iPhone.Build.0 = Release|Any CPU
		{66DC72FE-1B1A-4A5A-84A9-8CBD2AD7F3EF}.Release|iPhone.Deploy.0 = Release|Any CPU
		{66DC72FE-1B1A-4A5A-84A9-8CBD2AD7F3EF}.Release|iPhoneSimulator.ActiveCfg = Release|Any CPU
		{66DC72FE-1B1A-4A5A-84A9-8CBD2AD7F3EF}.Release|iPhoneSimulator.Build.0 = Release|Any CPU
		{66DC72FE-1B1A-4A5A-84A9-8CBD2AD7F3EF}.Release|iPhoneSimulator.Deploy.0 = Release|Any CPU
		{E5324F54-DC8C-4857-BDD0-F530B98B5238}.Ad-Hoc|Any CPU.ActiveCfg = Ad-Hoc|iPhone
		{E5324F54-DC8C-4857-BDD0-F530B98B5238}.Ad-Hoc|Any CPU.Build.0 = Ad-Hoc|iPhone
		{E5324F54-DC8C-4857-BDD0-F530B98B5238}.Ad-Hoc|Any CPU.Deploy.0 = Ad-Hoc|iPhone
		{E5324F54-DC8C-4857-BDD0-F530B98B5238}.Ad-Hoc|iPhone.ActiveCfg = Ad-Hoc|iPhone
		{E5324F54-DC8C-4857-BDD0-F530B98B5238}.Ad-Hoc|iPhone.Build.0 = Ad-Hoc|iPhone
		{E5324F54-DC8C-4857-BDD0-F530B98B5238}.Ad-Hoc|iPhone.Deploy.0 = Ad-Hoc|iPhone
		{E5324F54-DC8C-4857-BDD0-F530B98B5238}.Ad-Hoc|iPhoneSimulator.ActiveCfg = Ad-Hoc|iPhoneSimulator
		{E5324F54-DC8C-4857-BDD0-F530B98B5238}.Ad-Hoc|iPhoneSimulator.Build.0 = Ad-Hoc|iPhoneSimulator
		{E5324F54-DC8C-4857-BDD0-F530B98B5238}.Ad-Hoc|iPhoneSimulator.Deploy.0 = Ad-Hoc|iPhoneSimulator
		{E5324F54-DC8C-4857-BDD0-F530B98B5238}.AppStore|Any CPU.ActiveCfg = AppStore|iPhone
		{E5324F54-DC8C-4857-BDD0-F530B98B5238}.AppStore|Any CPU.Build.0 = AppStore|iPhone
		{E5324F54-DC8C-4857-BDD0-F530B98B5238}.AppStore|Any CPU.Deploy.0 = AppStore|iPhone
		{E5324F54-DC8C-4857-BDD0-F530B98B5238}.AppStore|iPhone.ActiveCfg = AppStore|iPhone
		{E5324F54-DC8C-4857-BDD0-F530B98B5238}.AppStore|iPhone.Build.0 = AppStore|iPhone
		{E5324F54-DC8C-4857-BDD0-F530B98B5238}.AppStore|iPhone.Deploy.0 = AppStore|iPhone
		{E5324F54-DC8C-4857-BDD0-F530B98B5238}.AppStore|iPhoneSimulator.ActiveCfg = AppStore|iPhoneSimulator
		{E5324F54-DC8C-4857-BDD0-F530B98B5238}.AppStore|iPhoneSimulator.Build.0 = AppStore|iPhoneSimulator
		{E5324F54-DC8C-4857-BDD0-F530B98B5238}.AppStore|iPhoneSimulator.Deploy.0 = AppStore|iPhoneSimulator
		{E5324F54-DC8C-4857-BDD0-F530B98B5238}.Debug|Any CPU.ActiveCfg = Debug|iPhoneSimulator
		{E5324F54-DC8C-4857-BDD0-F530B98B5238}.Debug|Any CPU.Build.0 = Debug|iPhoneSimulator
		{E5324F54-DC8C-4857-BDD0-F530B98B5238}.Debug|Any CPU.Deploy.0 = Debug|iPhoneSimulator
		{E5324F54-DC8C-4857-BDD0-F530B98B5238}.Debug|iPhone.ActiveCfg = Debug|iPhone
		{E5324F54-DC8C-4857-BDD0-F530B98B5238}.Debug|iPhone.Build.0 = Debug|iPhone
		{E5324F54-DC8C-4857-BDD0-F530B98B5238}.Debug|iPhone.Deploy.0 = Debug|iPhone
		{E5324F54-DC8C-4857-BDD0-F530B98B5238}.Debug|iPhoneSimulator.ActiveCfg = Debug|iPhoneSimulator
		{E5324F54-DC8C-4857-BDD0-F530B98B5238}.Debug|iPhoneSimulator.Build.0 = Debug|iPhoneSimulator
		{E5324F54-DC8C-4857-BDD0-F530B98B5238}.Debug|iPhoneSimulator.Deploy.0 = Debug|iPhoneSimulator
		{E5324F54-DC8C-4857-BDD0-F530B98B5238}.Release|Any CPU.ActiveCfg = Release|iPhone
		{E5324F54-DC8C-4857-BDD0-F530B98B5238}.Release|Any CPU.Build.0 = Release|iPhone
		{E5324F54-DC8C-4857-BDD0-F530B98B5238}.Release|Any CPU.Deploy.0 = Release|iPhone
		{E5324F54-DC8C-4857-BDD0-F530B98B5238}.Release|iPhone.ActiveCfg = Release|iPhone
		{E5324F54-DC8C-4857-BDD0-F530B98B5238}.Release|iPhone.Build.0 = Release|iPhone
		{E5324F54-DC8C-4857-BDD0-F530B98B5238}.Release|iPhone.Deploy.0 = Release|iPhone
		{E5324F54-DC8C-4857-BDD0-F530B98B5238}.Release|iPhoneSimulator.ActiveCfg = Release|iPhoneSimulator
		{E5324F54-DC8C-4857-BDD0-F530B98B5238}.Release|iPhoneSimulator.Build.0 = Release|iPhoneSimulator
		{E5324F54-DC8C-4857-BDD0-F530B98B5238}.Release|iPhoneSimulator.Deploy.0 = Release|iPhoneSimulator
		{BB307C76-826D-44B1-B0BA-D5868A817795}.Ad-Hoc|Any CPU.ActiveCfg = Debug|Any CPU
		{BB307C76-826D-44B1-B0BA-D5868A817795}.Ad-Hoc|Any CPU.Build.0 = Debug|Any CPU
		{BB307C76-826D-44B1-B0BA-D5868A817795}.Ad-Hoc|Any CPU.Deploy.0 = Debug|Any CPU
		{BB307C76-826D-44B1-B0BA-D5868A817795}.Ad-Hoc|iPhone.ActiveCfg = Debug|Any CPU
		{BB307C76-826D-44B1-B0BA-D5868A817795}.Ad-Hoc|iPhone.Build.0 = Debug|Any CPU
		{BB307C76-826D-44B1-B0BA-D5868A817795}.Ad-Hoc|iPhone.Deploy.0 = Debug|Any CPU
		{BB307C76-826D-44B1-B0BA-D5868A817795}.Ad-Hoc|iPhoneSimulator.ActiveCfg = Debug|Any CPU
		{BB307C76-826D-44B1-B0BA-D5868A817795}.Ad-Hoc|iPhoneSimulator.Build.0 = Debug|Any CPU
		{BB307C76-826D-44B1-B0BA-D5868A817795}.Ad-Hoc|iPhoneSimulator.Deploy.0 = Debug|Any CPU
		{BB307C76-826D-44B1-B0BA-D5868A817795}.AppStore|Any CPU.ActiveCfg = Debug|Any CPU
		{BB307C76-826D-44B1-B0BA-D5868A817795}.AppStore|Any CPU.Build.0 = Debug|Any CPU
		{BB307C76-826D-44B1-B0BA-D5868A817795}.AppStore|Any CPU.Deploy.0 = Debug|Any CPU
		{BB307C76-826D-44B1-B0BA-D5868A817795}.AppStore|iPhone.ActiveCfg = Debug|Any CPU
		{BB307C76-826D-44B1-B0BA-D5868A817795}.AppStore|iPhone.Build.0 = Debug|Any CPU
		{BB307C76-826D-44B1-B0BA-D5868A817795}.AppStore|iPhone.Deploy.0 = Debug|Any CPU
		{BB307C76-826D-44B1-B0BA-D5868A817795}.AppStore|iPhoneSimulator.ActiveCfg = Debug|Any CPU
		{BB307C76-826D-44B1-B0BA-D5868A817795}.AppStore|iPhoneSimulator.Build.0 = Debug|Any CPU
		{BB307C76-826D-44B1-B0BA-D5868A817795}.AppStore|iPhoneSimulator.Deploy.0 = Debug|Any CPU
		{BB307C76-826D-44B1-B0BA-D5868A817795}.Debug|Any CPU.ActiveCfg = Debug|Any CPU
		{BB307C76-826D-44B1-B0BA-D5868A817795}.Debug|Any CPU.Build.0 = Debug|Any CPU
		{BB307C76-826D-44B1-B0BA-D5868A817795}.Debug|Any CPU.Deploy.0 = Debug|Any CPU
		{BB307C76-826D-44B1-B0BA-D5868A817795}.Debug|iPhone.ActiveCfg = Debug|Any CPU
		{BB307C76-826D-44B1-B0BA-D5868A817795}.Debug|iPhone.Build.0 = Debug|Any CPU
		{BB307C76-826D-44B1-B0BA-D5868A817795}.Debug|iPhone.Deploy.0 = Debug|Any CPU
		{BB307C76-826D-44B1-B0BA-D5868A817795}.Debug|iPhoneSimulator.ActiveCfg = Debug|Any CPU
		{BB307C76-826D-44B1-B0BA-D5868A817795}.Debug|iPhoneSimulator.Build.0 = Debug|Any CPU
		{BB307C76-826D-44B1-B0BA-D5868A817795}.Debug|iPhoneSimulator.Deploy.0 = Debug|Any CPU
		{BB307C76-826D-44B1-B0BA-D5868A817795}.Release|Any CPU.ActiveCfg = Release|Any CPU
		{BB307C76-826D-44B1-B0BA-D5868A817795}.Release|Any CPU.Build.0 = Release|Any CPU
		{BB307C76-826D-44B1-B0BA-D5868A817795}.Release|Any CPU.Deploy.0 = Release|Any CPU
		{BB307C76-826D-44B1-B0BA-D5868A817795}.Release|iPhone.ActiveCfg = Release|Any CPU
		{BB307C76-826D-44B1-B0BA-D5868A817795}.Release|iPhone.Build.0 = Release|Any CPU
		{BB307C76-826D-44B1-B0BA-D5868A817795}.Release|iPhone.Deploy.0 = Release|Any CPU
		{BB307C76-826D-44B1-B0BA-D5868A817795}.Release|iPhoneSimulator.ActiveCfg = Release|Any CPU
		{BB307C76-826D-44B1-B0BA-D5868A817795}.Release|iPhoneSimulator.Build.0 = Release|Any CPU
		{BB307C76-826D-44B1-B0BA-D5868A817795}.Release|iPhoneSimulator.Deploy.0 = Release|Any CPU
	EndGlobalSection
	GlobalSection(SolutionProperties) = preSolution
		HideSolutionNode = FALSE
	EndGlobalSection
	GlobalSection(ExtensibilityGlobals) = postSolution
		SolutionGuid = {8E45BF9A-3208-4E01-B474-376EFBCCFEB5}
	EndGlobalSection
EndGlobal
